
Microsoft Visual Studio Solution File, Format Version 12.00
# Visual Studio Version 16
VisualStudioVersion = 16.0.31402.337
MinimumVisualStudioVersion = 10.0.40219.1
Project("{FAE04EC0-301F-11D3-BF4B-00C04F79EFBC}") = "RegistrationValidation", "RegistrationValidation\RegistrationValidation.csproj", "{B3F9B333-AF4D-43A1-91FC-119B9076EBF6}"
EndProject
Global
	GlobalSection(SolutionConfigurationPlatforms) = preSolution
		Debug|Any CPU = Debug|Any CPU
		Release|Any CPU = Release|Any CPU
	EndGlobalSection
	GlobalSection(ProjectConfigurationPlatforms) = postSolution
		{B3F9B333-AF4D-43A1-91FC-119B9076EBF6}.Debug|Any CPU.ActiveCfg = Debug|Any CPU
		{B3F9B333-AF4D-43A1-91FC-119B9076EBF6}.Debug|Any CPU.Build.0 = Debug|Any CPU
		{B3F9B333-AF4D-43A1-91FC-119B9076EBF6}.Release|Any CPU.ActiveCfg = Release|Any CPU
		{B3F9B333-AF4D-43A1-91FC-119B9076EBF6}.Release|Any CPU.Build.0 = Release|Any CPU
	EndGlobalSection
	GlobalSection(SolutionProperties) = preSolution
		HideSolutionNode = FALSE
	EndGlobalSection
	GlobalSection(ExtensibilityGlobals) = postSolution
		SolutionGuid = {87A6FE1A-B13C-4488-B777-71FAFB28D51C}
	EndGlobalSection
EndGlobal
