
Microsoft Visual Studio Solution File, Format Version 12.00
# Visual Studio Version 16
VisualStudioVersion = 16.0.33529.622
MinimumVisualStudioVersion = 10.0.40219.1
Project("{FAE04EC0-301F-11D3-BF4B-00C04F79EFBC}") = "ClassandObject", "ClassandObject\ClassandObject.csproj", "{8E5562A8-B79F-4484-A365-28AAF0223855}"
EndProject
Global
	GlobalSection(SolutionConfigurationPlatforms) = preSolution
		Debug|Any CPU = Debug|Any CPU
		Release|Any CPU = Release|Any CPU
	EndGlobalSection
	GlobalSection(ProjectConfigurationPlatforms) = postSolution
		{8E5562A8-B79F-4484-A365-28AAF0223855}.Debug|Any CPU.ActiveCfg = Debug|Any CPU
		{8E5562A8-B79F-4484-A365-28AAF0223855}.Debug|Any CPU.Build.0 = Debug|Any CPU
		{8E5562A8-B79F-4484-A365-28AAF0223855}.Release|Any CPU.ActiveCfg = Release|Any CPU
		{8E5562A8-B79F-4484-A365-28AAF0223855}.Release|Any CPU.Build.0 = Release|Any CPU
	EndGlobalSection
	GlobalSection(SolutionProperties) = preSolution
		HideSolutionNode = FALSE
	EndGlobalSection
	GlobalSection(ExtensibilityGlobals) = postSolution
		SolutionGuid = {D122DACC-2DD9-4730-849F-9BAD78E9C464}
	EndGlobalSection
EndGlobal
